
Microsoft Visual Studio Solution File, Format Version 12.00
# Visual Studio 16
Project("{FAE04EC0-301F-11D3-BF4B-00C04F79EFBC}") = "Assembly-CSharp", "Assembly-CSharp.csproj", "{9D775A33-4636-9DD8-EF4D-746604F5E91B}"
EndProject
Project("{FAE04EC0-301F-11D3-BF4B-00C04F79EFBC}") = "AstarPathfindingProject", "AstarPathfindingProject.csproj", "{2C9F5A0E-5505-CA2B-4C08-48E360974AE8}"
EndProject
Project("{FAE04EC0-301F-11D3-BF4B-00C04F79EFBC}") = "AstarPathfindingProjectEditor", "AstarPathfindingProjectEditor.csproj", "{B268C6D5-F749-4D5E-58A0-3A6BB1D05532}"
EndProject
Project("{FAE04EC0-301F-11D3-BF4B-00C04F79EFBC}") = "PackageToolsEditor", "PackageToolsEditor.csproj", "{7A6FDC09-B6E3-8373-CE2E-7019B8FDDBAF}"
EndProject
Global
	GlobalSection(SolutionConfigurationPlatforms) = preSolution
		Debug|Any CPU = Debug|Any CPU
		Release|Any CPU = Release|Any CPU
	EndGlobalSection
	GlobalSection(ProjectConfigurationPlatforms) = postSolution
		{9D775A33-4636-9DD8-EF4D-746604F5E91B}.Debug|Any CPU.ActiveCfg = Debug|Any CPU
		{9D775A33-4636-9DD8-EF4D-746604F5E91B}.Debug|Any CPU.Build.0 = Debug|Any CPU
		{9D775A33-4636-9DD8-EF4D-746604F5E91B}.Release|Any CPU.ActiveCfg = Release|Any CPU
		{9D775A33-4636-9DD8-EF4D-746604F5E91B}.Release|Any CPU.Build.0 = Release|Any CPU
		{2C9F5A0E-5505-CA2B-4C08-48E360974AE8}.Debug|Any CPU.ActiveCfg = Debug|Any CPU
		{2C9F5A0E-5505-CA2B-4C08-48E360974AE8}.Debug|Any CPU.Build.0 = Debug|Any CPU
		{2C9F5A0E-5505-CA2B-4C08-48E360974AE8}.Release|Any CPU.ActiveCfg = Release|Any CPU
		{2C9F5A0E-5505-CA2B-4C08-48E360974AE8}.Release|Any CPU.Build.0 = Release|Any CPU
		{B268C6D5-F749-4D5E-58A0-3A6BB1D05532}.Debug|Any CPU.ActiveCfg = Debug|Any CPU
		{B268C6D5-F749-4D5E-58A0-3A6BB1D05532}.Debug|Any CPU.Build.0 = Debug|Any CPU
		{B268C6D5-F749-4D5E-58A0-3A6BB1D05532}.Release|Any CPU.ActiveCfg = Release|Any CPU
		{B268C6D5-F749-4D5E-58A0-3A6BB1D05532}.Release|Any CPU.Build.0 = Release|Any CPU
		{7A6FDC09-B6E3-8373-CE2E-7019B8FDDBAF}.Debug|Any CPU.ActiveCfg = Debug|Any CPU
		{7A6FDC09-B6E3-8373-CE2E-7019B8FDDBAF}.Debug|Any CPU.Build.0 = Debug|Any CPU
		{7A6FDC09-B6E3-8373-CE2E-7019B8FDDBAF}.Release|Any CPU.ActiveCfg = Release|Any CPU
		{7A6FDC09-B6E3-8373-CE2E-7019B8FDDBAF}.Release|Any CPU.Build.0 = Release|Any CPU
	EndGlobalSection
	GlobalSection(SolutionProperties) = preSolution
		HideSolutionNode = FALSE
	EndGlobalSection
EndGlobal
